
Microsoft Visual Studio Solution File, Format Version 12.00
# Visual Studio Version 17
VisualStudioVersion = 17.5.002.0
MinimumVisualStudioVersion = 10.0.40219.1
Project("{9A19103F-16F7-4668-BE54-9A1E7A4F7556}") = "prueba", "prueba.csproj", "{A2F781BB-F344-4C46-BA5F-EA94FA130117}"
EndProject
Global
	GlobalSection(SolutionConfigurationPlatforms) = preSolution
		Debug|Any CPU = Debug|Any CPU
		Release|Any CPU = Release|Any CPU
	EndGlobalSection
	GlobalSection(ProjectConfigurationPlatforms) = postSolution
		{A2F781BB-F344-4C46-BA5F-EA94FA130117}.Debug|Any CPU.ActiveCfg = Debug|Any CPU
		{A2F781BB-F344-4C46-BA5F-EA94FA130117}.Debug|Any CPU.Build.0 = Debug|Any CPU
		{A2F781BB-F344-4C46-BA5F-EA94FA130117}.Release|Any CPU.ActiveCfg = Release|Any CPU
		{A2F781BB-F344-4C46-BA5F-EA94FA130117}.Release|Any CPU.Build.0 = Release|Any CPU
	EndGlobalSection
	GlobalSection(SolutionProperties) = preSolution
		HideSolutionNode = FALSE
	EndGlobalSection
	GlobalSection(ExtensibilityGlobals) = postSolution
		SolutionGuid = {5EDFADBE-2D11-426A-9063-4DBDDE261DC4}
	EndGlobalSection
EndGlobal
